
Microsoft Visual Studio Solution File, Format Version 12.00
# Visual Studio Version 17
VisualStudioVersion = 17.9.34728.123
MinimumVisualStudioVersion = 10.0.40219.1
Project("{FAE04EC0-301F-11D3-BF4B-00C04F79EFBC}") = "Ex4-FormDinàmic", "Ex4-FormDinàmic.csproj", "{F205B75C-C2E8-479A-A0A0-CF52C4B9C616}"
EndProject
Global
	GlobalSection(SolutionConfigurationPlatforms) = preSolution
		Debug|Any CPU = Debug|Any CPU
		Release|Any CPU = Release|Any CPU
	EndGlobalSection
	GlobalSection(ProjectConfigurationPlatforms) = postSolution
		{F205B75C-C2E8-479A-A0A0-CF52C4B9C616}.Debug|Any CPU.ActiveCfg = Debug|Any CPU
		{F205B75C-C2E8-479A-A0A0-CF52C4B9C616}.Debug|Any CPU.Build.0 = Debug|Any CPU
		{F205B75C-C2E8-479A-A0A0-CF52C4B9C616}.Release|Any CPU.ActiveCfg = Release|Any CPU
		{F205B75C-C2E8-479A-A0A0-CF52C4B9C616}.Release|Any CPU.Build.0 = Release|Any CPU
	EndGlobalSection
	GlobalSection(SolutionProperties) = preSolution
		HideSolutionNode = FALSE
	EndGlobalSection
	GlobalSection(ExtensibilityGlobals) = postSolution
		SolutionGuid = {082F1C8B-27E0-4E50-AC22-5F4770F78BD6}
	EndGlobalSection
EndGlobal
